// !$*UTF8*$!
{
	archiveVersion = 1;
	classes = {
	};
	objectVersion = 50;
	objects = {

/* Begin PBXBuildFile section */
		9F106D502392FC2900B81A11 /* NoteEditViewController.swift in Sources */ = {isa = PBXBuildFile; fileRef = 9F106D4F2392FC2900B81A11 /* NoteEditViewController.swift */; };
		9F106D5423930A4500B81A11 /* NotesListViewController.swift in Sources */ = {isa = PBXBuildFile; fileRef = 9F106D5323930A4500B81A11 /* NotesListViewController.swift */; };
		9F2B2A912399A7EC0036548E /* WeatherClass.swift in Sources */ = {isa = PBXBuildFile; fileRef = 9F2B2A902399A7EC0036548E /* WeatherClass.swift */; };
		9F2B2A942399ABF80036548E /* WeatherConfiguration.swift in Sources */ = {isa = PBXBuildFile; fileRef = 9F2B2A932399ABF80036548E /* WeatherConfiguration.swift */; };
		9F2B2A962399AD080036548E /* WeatherWebWorker.swift in Sources */ = {isa = PBXBuildFile; fileRef = 9F2B2A952399AD080036548E /* WeatherWebWorker.swift */; };
		9F2B2A982399B6F20036548E /* WeatherListViewController.swift in Sources */ = {isa = PBXBuildFile; fileRef = 9F2B2A972399B6F20036548E /* WeatherListViewController.swift */; };
		9F2B2A9A2399C2F30036548E /* WeatherTableViewController.swift in Sources */ = {isa = PBXBuildFile; fileRef = 9F2B2A992399C2F30036548E /* WeatherTableViewController.swift */; };
		9F6C6E6C236DC135006E7A52 /* AppDelegate.swift in Sources */ = {isa = PBXBuildFile; fileRef = 9F6C6E6B236DC135006E7A52 /* AppDelegate.swift */; };
		9F6C6E70236DC135006E7A52 /* MasterViewController.swift in Sources */ = {isa = PBXBuildFile; fileRef = 9F6C6E6F236DC135006E7A52 /* MasterViewController.swift */; };
		9F6C6E72236DC135006E7A52 /* NoteDetailViewController.swift in Sources */ = {isa = PBXBuildFile; fileRef = 9F6C6E71236DC135006E7A52 /* NoteDetailViewController.swift */; };
		9F6C6E75236DC135006E7A52 /* Main.storyboard in Resources */ = {isa = PBXBuildFile; fileRef = 9F6C6E73236DC135006E7A52 /* Main.storyboard */; };
		9F6C6E77236DC136006E7A52 /* Assets.xcassets in Resources */ = {isa = PBXBuildFile; fileRef = 9F6C6E76236DC136006E7A52 /* Assets.xcassets */; };
		9F6C6E7A236DC136006E7A52 /* LaunchScreen.storyboard in Resources */ = {isa = PBXBuildFile; fileRef = 9F6C6E78236DC136006E7A52 /* LaunchScreen.storyboard */; };
		9F6C6E85236DC136006E7A52 /* Notes_appTests.swift in Sources */ = {isa = PBXBuildFile; fileRef = 9F6C6E84236DC136006E7A52 /* Notes_appTests.swift */; };
		9F6C6E95236DC4EB006E7A52 /* NotesDataModel.xcdatamodeld in Sources */ = {isa = PBXBuildFile; fileRef = 9F6C6E93236DC4EB006E7A52 /* NotesDataModel.xcdatamodeld */; };
		9F7D0B2E239720810085ECDF /* PrimarySplitViewController.swift in Sources */ = {isa = PBXBuildFile; fileRef = 9F7D0B2D239720810085ECDF /* PrimarySplitViewController.swift */; };
		9FE0906B237D950D000A1467 /* NotesAppDateHelper.swift in Sources */ = {isa = PBXBuildFile; fileRef = 9FE0906A237D950D000A1467 /* NotesAppDateHelper.swift */; };
		9FE0906D237D954A000A1467 /* NoteClass.swift in Sources */ = {isa = PBXBuildFile; fileRef = 9FE0906C237D954A000A1467 /* NoteClass.swift */; };
		9FE0906F237D9588000A1467 /* NotesStorage.swift in Sources */ = {isa = PBXBuildFile; fileRef = 9FE0906E237D9588000A1467 /* NotesStorage.swift */; };
		9FE09071237D95F1000A1467 /* NotesCoreDataHelper.swift in Sources */ = {isa = PBXBuildFile; fileRef = 9FE09070237D95F1000A1467 /* NotesCoreDataHelper.swift */; };
/* End PBXBuildFile section */

/* Begin PBXContainerItemProxy section */
		9F6C6E81236DC136006E7A52 /* PBXContainerItemProxy */ = {
			isa = PBXContainerItemProxy;
			containerPortal = 9F6C6E60236DC135006E7A52 /* Project object */;
			proxyType = 1;
			remoteGlobalIDString = 9F6C6E67236DC135006E7A52;
			remoteInfo = "Notes app";
		};
/* End PBXContainerItemProxy section */

/* Begin PBXFileReference section */
		9F106D4F2392FC2900B81A11 /* NoteEditViewController.swift */ = {isa = PBXFileReference; lastKnownFileType = sourcecode.swift; path = NoteEditViewController.swift; sourceTree = "<group>"; };
		9F106D5323930A4500B81A11 /* NotesListViewController.swift */ = {isa = PBXFileReference; lastKnownFileType = sourcecode.swift; path = NotesListViewController.swift; sourceTree = "<group>"; };
		9F2B2A902399A7EC0036548E /* WeatherClass.swift */ = {isa = PBXFileReference; lastKnownFileType = sourcecode.swift; path = WeatherClass.swift; sourceTree = "<group>"; };
		9F2B2A932399ABF80036548E /* WeatherConfiguration.swift */ = {isa = PBXFileReference; lastKnownFileType = sourcecode.swift; path = WeatherConfiguration.swift; sourceTree = "<group>"; };
		9F2B2A952399AD080036548E /* WeatherWebWorker.swift */ = {isa = PBXFileReference; lastKnownFileType = sourcecode.swift; path = WeatherWebWorker.swift; sourceTree = "<group>"; };
		9F2B2A972399B6F20036548E /* WeatherListViewController.swift */ = {isa = PBXFileReference; lastKnownFileType = sourcecode.swift; path = WeatherListViewController.swift; sourceTree = "<group>"; };
		9F2B2A992399C2F30036548E /* WeatherTableViewController.swift */ = {isa = PBXFileReference; lastKnownFileType = sourcecode.swift; path = WeatherTableViewController.swift; sourceTree = "<group>"; };
		9F6C6E68236DC135006E7A52 /* Notes app.app */ = {isa = PBXFileReference; explicitFileType = wrapper.application; includeInIndex = 0; path = "Notes app.app"; sourceTree = BUILT_PRODUCTS_DIR; };
		9F6C6E6B236DC135006E7A52 /* AppDelegate.swift */ = {isa = PBXFileReference; lastKnownFileType = sourcecode.swift; path = AppDelegate.swift; sourceTree = "<group>"; };
		9F6C6E6F236DC135006E7A52 /* MasterViewController.swift */ = {isa = PBXFileReference; lastKnownFileType = sourcecode.swift; path = MasterViewController.swift; sourceTree = "<group>"; };
		9F6C6E71236DC135006E7A52 /* NoteDetailViewController.swift */ = {isa = PBXFileReference; lastKnownFileType = sourcecode.swift; path = NoteDetailViewController.swift; sourceTree = "<group>"; };
		9F6C6E74236DC135006E7A52 /* Base */ = {isa = PBXFileReference; lastKnownFileType = file.storyboard; name = Base; path = Base.lproj/Main.storyboard; sourceTree = "<group>"; };
		9F6C6E76236DC136006E7A52 /* Assets.xcassets */ = {isa = PBXFileReference; lastKnownFileType = folder.assetcatalog; path = Assets.xcassets; sourceTree = "<group>"; };
		9F6C6E79236DC136006E7A52 /* Base */ = {isa = PBXFileReference; lastKnownFileType = file.storyboard; name = Base; path = Base.lproj/LaunchScreen.storyboard; sourceTree = "<group>"; };
		9F6C6E80236DC136006E7A52 /* Notes appTests.xctest */ = {isa = PBXFileReference; explicitFileType = wrapper.cfbundle; includeInIndex = 0; path = "Notes appTests.xctest"; sourceTree = BUILT_PRODUCTS_DIR; };
		9F6C6E84236DC136006E7A52 /* Notes_appTests.swift */ = {isa = PBXFileReference; lastKnownFileType = sourcecode.swift; path = Notes_appTests.swift; sourceTree = "<group>"; };
		9F6C6E94236DC4EB006E7A52 /* NotesDataModel.xcdatamodel */ = {isa = PBXFileReference; lastKnownFileType = wrapper.xcdatamodel; path = NotesDataModel.xcdatamodel; sourceTree = "<group>"; };
		9F7D0B2D239720810085ECDF /* PrimarySplitViewController.swift */ = {isa = PBXFileReference; lastKnownFileType = sourcecode.swift; path = PrimarySplitViewController.swift; sourceTree = "<group>"; };
		9FE0906A237D950D000A1467 /* NotesAppDateHelper.swift */ = {isa = PBXFileReference; fileEncoding = 4; lastKnownFileType = sourcecode.swift; path = NotesAppDateHelper.swift; sourceTree = "<group>"; };
		9FE0906C237D954A000A1467 /* NoteClass.swift */ = {isa = PBXFileReference; lastKnownFileType = sourcecode.swift; path = NoteClass.swift; sourceTree = "<group>"; };
		9FE0906E237D9588000A1467 /* NotesStorage.swift */ = {isa = PBXFileReference; lastKnownFileType = sourcecode.swift; path = NotesStorage.swift; sourceTree = "<group>"; };
		9FE09070237D95F1000A1467 /* NotesCoreDataHelper.swift */ = {isa = PBXFileReference; lastKnownFileType = sourcecode.swift; path = NotesCoreDataHelper.swift; sourceTree = "<group>"; };
/* End PBXFileReference section */

/* Begin PBXFrameworksBuildPhase section */
		9F6C6E65236DC135006E7A52 /* Frameworks */ = {
			isa = PBXFrameworksBuildPhase;
			buildActionMask = 2147483647;
			files = (
			);
			runOnlyForDeploymentPostprocessing = 0;
		};
		9F6C6E7D236DC136006E7A52 /* Frameworks */ = {
			isa = PBXFrameworksBuildPhase;
			buildActionMask = 2147483647;
			files = (
			);
			runOnlyForDeploymentPostprocessing = 0;
		};
/* End PBXFrameworksBuildPhase section */

/* Begin PBXGroup section */
		9F2B2A8F2399A09E0036548E /* WeatherDataModel */ = {
			isa = PBXGroup;
			children = (
				9F2B2A902399A7EC0036548E /* WeatherClass.swift */,
			);
			path = WeatherDataModel;
			sourceTree = "<group>";
		};
		9F2B2A922399ABCC0036548E /* WeatherWebWork */ = {
			isa = PBXGroup;
			children = (
				9F2B2A932399ABF80036548E /* WeatherConfiguration.swift */,
				9F2B2A952399AD080036548E /* WeatherWebWorker.swift */,
			);
			path = WeatherWebWork;
			sourceTree = "<group>";
		};
		9F647B9A239934540083596B /* Notes */ = {
			isa = PBXGroup;
			children = (
				9FE09070237D95F1000A1467 /* NotesCoreDataHelper.swift */,
				9FE0906A237D950D000A1467 /* NotesAppDateHelper.swift */,
			);
			path = Notes;
			sourceTree = "<group>";
		};
		9F647B9B239934660083596B /* Weather */ = {
			isa = PBXGroup;
			children = (
			);
			path = Weather;
			sourceTree = "<group>";
		};
		9F647B9C239935910083596B /* Notes */ = {
			isa = PBXGroup;
			children = (
				9F6C6E71236DC135006E7A52 /* NoteDetailViewController.swift */,
				9F106D4F2392FC2900B81A11 /* NoteEditViewController.swift */,
				9F106D5323930A4500B81A11 /* NotesListViewController.swift */,
			);
			path = Notes;
			sourceTree = "<group>";
		};
		9F647B9D239935980083596B /* Weather */ = {
			isa = PBXGroup;
			children = (
				9F2B2A972399B6F20036548E /* WeatherListViewController.swift */,
				9F2B2A992399C2F30036548E /* WeatherTableViewController.swift */,
			);
			path = Weather;
			sourceTree = "<group>";
		};
		9F6C6E5F236DC135006E7A52 = {
			isa = PBXGroup;
			children = (
				9F6C6E6A236DC135006E7A52 /* Notes app */,
				9F6C6E83236DC136006E7A52 /* Notes appTests */,
				9F6C6E69236DC135006E7A52 /* Products */,
			);
			sourceTree = "<group>";
		};
		9F6C6E69236DC135006E7A52 /* Products */ = {
			isa = PBXGroup;
			children = (
				9F6C6E68236DC135006E7A52 /* Notes app.app */,
				9F6C6E80236DC136006E7A52 /* Notes appTests.xctest */,
			);
			name = Products;
			sourceTree = "<group>";
		};
		9F6C6E6A236DC135006E7A52 /* Notes app */ = {
			isa = PBXGroup;
			children = (
				9F2B2A922399ABCC0036548E /* WeatherWebWork */,
				9F2B2A8F2399A09E0036548E /* WeatherDataModel */,
				9FCC38E12392B882000E4BA4 /* UI */,
				9FCC38DE2392B5B6000E4BA4 /* Helpers */,
				9FCC38DD2392B535000E4BA4 /* Notes ViewModel */,
				9F6C6E92236DC4BB006E7A52 /* Notes DataModel */,
			);
			path = "Notes app";
			sourceTree = "<group>";
		};
		9F6C6E83236DC136006E7A52 /* Notes appTests */ = {
			isa = PBXGroup;
			children = (
				9F6C6E84236DC136006E7A52 /* Notes_appTests.swift */,
			);
			path = "Notes appTests";
			sourceTree = "<group>";
		};
		9F6C6E92236DC4BB006E7A52 /* Notes DataModel */ = {
			isa = PBXGroup;
			children = (
				9FE0906C237D954A000A1467 /* NoteClass.swift */,
				9F6C6E93236DC4EB006E7A52 /* NotesDataModel.xcdatamodeld */,
				9FE0906E237D9588000A1467 /* NotesStorage.swift */,
			);
			path = "Notes DataModel";
			sourceTree = "<group>";
		};
		9FCC38DD2392B535000E4BA4 /* Notes ViewModel */ = {
			isa = PBXGroup;
			children = (
				9FCC38E02392B80D000E4BA4 /* Delegates */,
				9FCC38DF2392B7F7000E4BA4 /* ViewControllers */,
			);
			path = "Notes ViewModel";
			sourceTree = "<group>";
		};
		9FCC38DE2392B5B6000E4BA4 /* Helpers */ = {
			isa = PBXGroup;
			children = (
				9F647B9B239934660083596B /* Weather */,
				9F647B9A239934540083596B /* Notes */,
			);
			path = Helpers;
			sourceTree = "<group>";
		};
		9FCC38DF2392B7F7000E4BA4 /* ViewControllers */ = {
			isa = PBXGroup;
			children = (
				9F647B9D239935980083596B /* Weather */,
				9F647B9C239935910083596B /* Notes */,
				9F7D0B2D239720810085ECDF /* PrimarySplitViewController.swift */,
				9F6C6E6F236DC135006E7A52 /* MasterViewController.swift */,
			);
			path = ViewControllers;
			sourceTree = "<group>";
		};
		9FCC38E02392B80D000E4BA4 /* Delegates */ = {
			isa = PBXGroup;
			children = (
				9F6C6E6B236DC135006E7A52 /* AppDelegate.swift */,
			);
			path = Delegates;
			sourceTree = "<group>";
		};
		9FCC38E12392B882000E4BA4 /* UI */ = {
			isa = PBXGroup;
			children = (
				9F6C6E78236DC136006E7A52 /* LaunchScreen.storyboard */,
				9F6C6E73236DC135006E7A52 /* Main.storyboard */,
				9F6C6E76236DC136006E7A52 /* Assets.xcassets */,
			);
			path = UI;
			sourceTree = "<group>";
		};
/* End PBXGroup section */

/* Begin PBXNativeTarget section */
		9F6C6E67236DC135006E7A52 /* Notes app */ = {
			isa = PBXNativeTarget;
			buildConfigurationList = 9F6C6E89236DC136006E7A52 /* Build configuration list for PBXNativeTarget "Notes app" */;
			buildPhases = (
				9F6C6E64236DC135006E7A52 /* Sources */,
				9F6C6E65236DC135006E7A52 /* Frameworks */,
				9F6C6E66236DC135006E7A52 /* Resources */,
			);
			buildRules = (
			);
			dependencies = (
			);
			name = "Notes app";
			productName = "Notes app";
			productReference = 9F6C6E68236DC135006E7A52 /* Notes app.app */;
			productType = "com.apple.product-type.application";
		};
		9F6C6E7F236DC136006E7A52 /* Notes appTests */ = {
			isa = PBXNativeTarget;
			buildConfigurationList = 9F6C6E8C236DC136006E7A52 /* Build configuration list for PBXNativeTarget "Notes appTests" */;
			buildPhases = (
				9F6C6E7C236DC136006E7A52 /* Sources */,
				9F6C6E7D236DC136006E7A52 /* Frameworks */,
				9F6C6E7E236DC136006E7A52 /* Resources */,
			);
			buildRules = (
			);
			dependencies = (
				9F6C6E82236DC136006E7A52 /* PBXTargetDependency */,
			);
			name = "Notes appTests";
			productName = "Notes appTests";
			productReference = 9F6C6E80236DC136006E7A52 /* Notes appTests.xctest */;
			productType = "com.apple.product-type.bundle.unit-test";
		};
/* End PBXNativeTarget section */

/* Begin PBXProject section */
		9F6C6E60236DC135006E7A52 /* Project object */ = {
			isa = PBXProject;
			attributes = {
				LastSwiftUpdateCheck = 1110;
				LastUpgradeCheck = 1110;
				ORGANIZATIONNAME = "Andrii Kryvytskyi";
				TargetAttributes = {
					9F6C6E67236DC135006E7A52 = {
						CreatedOnToolsVersion = 11.1;
					};
					9F6C6E7F236DC136006E7A52 = {
						CreatedOnToolsVersion = 11.1;
						TestTargetID = 9F6C6E67236DC135006E7A52;
					};
				};
			};
			buildConfigurationList = 9F6C6E63236DC135006E7A52 /* Build configuration list for PBXProject "Notes app" */;
			compatibilityVersion = "Xcode 9.3";
			developmentRegion = en;
			hasScannedForEncodings = 0;
			knownRegions = (
				en,
				Base,
			);
			mainGroup = 9F6C6E5F236DC135006E7A52;
			productRefGroup = 9F6C6E69236DC135006E7A52 /* Products */;
			projectDirPath = "";
			projectRoot = "";
			targets = (
				9F6C6E67236DC135006E7A52 /* Notes app */,
				9F6C6E7F236DC136006E7A52 /* Notes appTests */,
			);
		};
/* End PBXProject section */

/* Begin PBXResourcesBuildPhase section */
		9F6C6E66236DC135006E7A52 /* Resources */ = {
			isa = PBXResourcesBuildPhase;
			buildActionMask = 2147483647;
			files = (
				9F6C6E7A236DC136006E7A52 /* LaunchScreen.storyboard in Resources */,
				9F6C6E77236DC136006E7A52 /* Assets.xcassets in Resources */,
				9F6C6E75236DC135006E7A52 /* Main.storyboard in Resources */,
			);
			runOnlyForDeploymentPostprocessing = 0;
		};
		9F6C6E7E236DC136006E7A52 /* Resources */ = {
			isa = PBXResourcesBuildPhase;
			buildActionMask = 2147483647;
			files = (
			);
			runOnlyForDeploymentPostprocessing = 0;
		};
/* End PBXResourcesBuildPhase section */

/* Begin PBXSourcesBuildPhase section */
		9F6C6E64236DC135006E7A52 /* Sources */ = {
			isa = PBXSourcesBuildPhase;
			buildActionMask = 2147483647;
			files = (
				9F2B2A982399B6F20036548E /* WeatherListViewController.swift in Sources */,
				9F6C6E95236DC4EB006E7A52 /* NotesDataModel.xcdatamodeld in Sources */,
				9F7D0B2E239720810085ECDF /* PrimarySplitViewController.swift in Sources */,
				9FE0906B237D950D000A1467 /* NotesAppDateHelper.swift in Sources */,
				9F2B2A9A2399C2F30036548E /* WeatherTableViewController.swift in Sources */,
				9F2B2A962399AD080036548E /* WeatherWebWorker.swift in Sources */,
				9F2B2A912399A7EC0036548E /* WeatherClass.swift in Sources */,
				9F6C6E6C236DC135006E7A52 /* AppDelegate.swift in Sources */,
				9FE0906F237D9588000A1467 /* NotesStorage.swift in Sources */,
				9FE09071237D95F1000A1467 /* NotesCoreDataHelper.swift in Sources */,
				9F2B2A942399ABF80036548E /* WeatherConfiguration.swift in Sources */,
				9F6C6E70236DC135006E7A52 /* MasterViewController.swift in Sources */,
				9F106D5423930A4500B81A11 /* NotesListViewController.swift in Sources */,
				9FE0906D237D954A000A1467 /* NoteClass.swift in Sources */,
				9F106D502392FC2900B81A11 /* NoteEditViewController.swift in Sources */,
				9F6C6E72236DC135006E7A52 /* NoteDetailViewController.swift in Sources */,
			);
			runOnlyForDeploymentPostprocessing = 0;
		};
		9F6C6E7C236DC136006E7A52 /* Sources */ = {
			isa = PBXSourcesBuildPhase;
			buildActionMask = 2147483647;
			files = (
				9F6C6E85236DC136006E7A52 /* Notes_appTests.swift in Sources */,
			);
			runOnlyForDeploymentPostprocessing = 0;
		};
/* End PBXSourcesBuildPhase section */

/* Begin PBXTargetDependency section */
		9F6C6E82236DC136006E7A52 /* PBXTargetDependency */ = {
			isa = PBXTargetDependency;
			target = 9F6C6E67236DC135006E7A52 /* Notes app */;
			targetProxy = 9F6C6E81236DC136006E7A52 /* PBXContainerItemProxy */;
		};
/* End PBXTargetDependency section */

/* Begin PBXVariantGroup section */
		9F6C6E73236DC135006E7A52 /* Main.storyboard */ = {
			isa = PBXVariantGroup;
			children = (
				9F6C6E74236DC135006E7A52 /* Base */,
			);
			name = Main.storyboard;
			sourceTree = "<group>";
		};
		9F6C6E78236DC136006E7A52 /* LaunchScreen.storyboard */ = {
			isa = PBXVariantGroup;
			children = (
				9F6C6E79236DC136006E7A52 /* Base */,
			);
			name = LaunchScreen.storyboard;
			sourceTree = "<group>";
		};
/* End PBXVariantGroup section */

/* Begin XCBuildConfiguration section */
		9F6C6E87236DC136006E7A52 /* Debug */ = {
			isa = XCBuildConfiguration;
			buildSettings = {
				ALWAYS_SEARCH_USER_PATHS = NO;
				CLANG_ANALYZER_NONNULL = YES;
				CLANG_ANALYZER_NUMBER_OBJECT_CONVERSION = YES_AGGRESSIVE;
				CLANG_CXX_LANGUAGE_STANDARD = "gnu++14";
				CLANG_CXX_LIBRARY = "libc++";
				CLANG_ENABLE_MODULES = YES;
				CLANG_ENABLE_OBJC_ARC = YES;
				CLANG_ENABLE_OBJC_WEAK = YES;
				CLANG_WARN_BLOCK_CAPTURE_AUTORELEASING = YES;
				CLANG_WARN_BOOL_CONVERSION = YES;
				CLANG_WARN_COMMA = YES;
				CLANG_WARN_CONSTANT_CONVERSION = YES;
				CLANG_WARN_DEPRECATED_OBJC_IMPLEMENTATIONS = YES;
				CLANG_WARN_DIRECT_OBJC_ISA_USAGE = YES_ERROR;
				CLANG_WARN_DOCUMENTATION_COMMENTS = YES;
				CLANG_WARN_EMPTY_BODY = YES;
				CLANG_WARN_ENUM_CONVERSION = YES;
				CLANG_WARN_INFINITE_RECURSION = YES;
				CLANG_WARN_INT_CONVERSION = YES;
				CLANG_WARN_NON_LITERAL_NULL_CONVERSION = YES;
				CLANG_WARN_OBJC_IMPLICIT_RETAIN_SELF = YES;
				CLANG_WARN_OBJC_LITERAL_CONVERSION = YES;
				CLANG_WARN_OBJC_ROOT_CLASS = YES_ERROR;
				CLANG_WARN_RANGE_LOOP_ANALYSIS = YES;
				CLANG_WARN_STRICT_PROTOTYPES = YES;
				CLANG_WARN_SUSPICIOUS_MOVE = YES;
				CLANG_WARN_UNGUARDED_AVAILABILITY = YES_AGGRESSIVE;
				CLANG_WARN_UNREACHABLE_CODE = YES;
				CLANG_WARN__DUPLICATE_METHOD_MATCH = YES;
				COPY_PHASE_STRIP = NO;
				DEBUG_INFORMATION_FORMAT = dwarf;
				ENABLE_STRICT_OBJC_MSGSEND = YES;
				ENABLE_TESTABILITY = YES;
				GCC_C_LANGUAGE_STANDARD = gnu11;
				GCC_DYNAMIC_NO_PIC = NO;
				GCC_NO_COMMON_BLOCKS = YES;
				GCC_OPTIMIZATION_LEVEL = 0;
				GCC_PREPROCESSOR_DEFINITIONS = (
					"DEBUG=1",
					"$(inherited)",
				);
				GCC_WARN_64_TO_32_BIT_CONVERSION = YES;
				GCC_WARN_ABOUT_RETURN_TYPE = YES_ERROR;
				GCC_WARN_UNDECLARED_SELECTOR = YES;
				GCC_WARN_UNINITIALIZED_AUTOS = YES_AGGRESSIVE;
				GCC_WARN_UNUSED_FUNCTION = YES;
				GCC_WARN_UNUSED_VARIABLE = YES;
				IPHONEOS_DEPLOYMENT_TARGET = 13.1;
				MTL_ENABLE_DEBUG_INFO = INCLUDE_SOURCE;
				MTL_FAST_MATH = YES;
				ONLY_ACTIVE_ARCH = YES;
				SDKROOT = iphoneos;
				SWIFT_ACTIVE_COMPILATION_CONDITIONS = DEBUG;
				SWIFT_OPTIMIZATION_LEVEL = "-Onone";
			};
			name = Debug;
		};
		9F6C6E88236DC136006E7A52 /* Release */ = {
			isa = XCBuildConfiguration;
			buildSettings = {
				ALWAYS_SEARCH_USER_PATHS = NO;
				CLANG_ANALYZER_NONNULL = YES;
				CLANG_ANALYZER_NUMBER_OBJECT_CONVERSION = YES_AGGRESSIVE;
				CLANG_CXX_LANGUAGE_STANDARD = "gnu++14";
				CLANG_CXX_LIBRARY = "libc++";
				CLANG_ENABLE_MODULES = YES;
				CLANG_ENABLE_OBJC_ARC = YES;
				CLANG_ENABLE_OBJC_WEAK = YES;
				CLANG_WARN_BLOCK_CAPTURE_AUTORELEASING = YES;
				CLANG_WARN_BOOL_CONVERSION = YES;
				CLANG_WARN_COMMA = YES;
				CLANG_WARN_CONSTANT_CONVERSION = YES;
				CLANG_WARN_DEPRECATED_OBJC_IMPLEMENTATIONS = YES;
				CLANG_WARN_DIRECT_OBJC_ISA_USAGE = YES_ERROR;
				CLANG_WARN_DOCUMENTATION_COMMENTS = YES;
				CLANG_WARN_EMPTY_BODY = YES;
				CLANG_WARN_ENUM_CONVERSION = YES;
				CLANG_WARN_INFINITE_RECURSION = YES;
				CLANG_WARN_INT_CONVERSION = YES;
				CLANG_WARN_NON_LITERAL_NULL_CONVERSION = YES;
				CLANG_WARN_OBJC_IMPLICIT_RETAIN_SELF = YES;
				CLANG_WARN_OBJC_LITERAL_CONVERSION = YES;
				CLANG_WARN_OBJC_ROOT_CLASS = YES_ERROR;
				CLANG_WARN_RANGE_LOOP_ANALYSIS = YES;
				CLANG_WARN_STRICT_PROTOTYPES = YES;
				CLANG_WARN_SUSPICIOUS_MOVE = YES;
				CLANG_WARN_UNGUARDED_AVAILABILITY = YES_AGGRESSIVE;
				CLANG_WARN_UNREACHABLE_CODE = YES;
				CLANG_WARN__DUPLICATE_METHOD_MATCH = YES;
				COPY_PHASE_STRIP = NO;
				DEBUG_INFORMATION_FORMAT = "dwarf-with-dsym";
				ENABLE_NS_ASSERTIONS = NO;
				ENABLE_STRICT_OBJC_MSGSEND = YES;
				GCC_C_LANGUAGE_STANDARD = gnu11;
				GCC_NO_COMMON_BLOCKS = YES;
				GCC_WARN_64_TO_32_BIT_CONVERSION = YES;
				GCC_WARN_ABOUT_RETURN_TYPE = YES_ERROR;
				GCC_WARN_UNDECLARED_SELECTOR = YES;
				GCC_WARN_UNINITIALIZED_AUTOS = YES_AGGRESSIVE;
				GCC_WARN_UNUSED_FUNCTION = YES;
				GCC_WARN_UNUSED_VARIABLE = YES;
				IPHONEOS_DEPLOYMENT_TARGET = 13.1;
				MTL_ENABLE_DEBUG_INFO = NO;
				MTL_FAST_MATH = YES;
				SDKROOT = iphoneos;
				SWIFT_COMPILATION_MODE = wholemodule;
				SWIFT_OPTIMIZATION_LEVEL = "-O";
				VALIDATE_PRODUCT = YES;
			};
			name = Release;
		};
		9F6C6E8A236DC136006E7A52 /* Debug */ = {
			isa = XCBuildConfiguration;
			buildSettings = {
				ASSETCATALOG_COMPILER_APPICON_NAME = AppIcon;
				CODE_SIGN_STYLE = Automatic;
				DEVELOPMENT_TEAM = 743UWSR384;
				INFOPLIST_FILE = "Notes app/Info.plist";
				IPHONEOS_DEPLOYMENT_TARGET = 13.0;
				LD_RUNPATH_SEARCH_PATHS = (
					"$(inherited)",
					"@executable_path/Frameworks",
				);
				PRODUCT_BUNDLE_IDENTIFIER = "com.andrii-kryvytskyi.Notes-app";
				PRODUCT_NAME = "$(TARGET_NAME)";
				SWIFT_VERSION = 5.0;
				TARGETED_DEVICE_FAMILY = "1,2";
			};
			name = Debug;
		};
		9F6C6E8B236DC136006E7A52 /* Release */ = {
			isa = XCBuildConfiguration;
			buildSettings = {
				ASSETCATALOG_COMPILER_APPICON_NAME = AppIcon;
				CODE_SIGN_STYLE = Automatic;
				DEVELOPMENT_TEAM = 743UWSR384;
				INFOPLIST_FILE = "Notes app/Info.plist";
				IPHONEOS_DEPLOYMENT_TARGET = 13.0;
				LD_RUNPATH_SEARCH_PATHS = (
					"$(inherited)",
					"@executable_path/Frameworks",
				);
				PRODUCT_BUNDLE_IDENTIFIER = "com.andrii-kryvytskyi.Notes-app";
				PRODUCT_NAME = "$(TARGET_NAME)";
				SWIFT_VERSION = 5.0;
				TARGETED_DEVICE_FAMILY = "1,2";
			};
			name = Release;
		};
		9F6C6E8D236DC136006E7A52 /* Debug */ = {
			isa = XCBuildConfiguration;
			buildSettings = {
				ALWAYS_EMBED_SWIFT_STANDARD_LIBRARIES = YES;
				BUNDLE_LOADER = "$(TEST_HOST)";
				CODE_SIGN_STYLE = Automatic;
				INFOPLIST_FILE = "Notes appTests/Info.plist";
				IPHONEOS_DEPLOYMENT_TARGET = 13.1;
				LD_RUNPATH_SEARCH_PATHS = (
					"$(inherited)",
					"@executable_path/Frameworks",
					"@loader_path/Frameworks",
				);
				PRODUCT_BUNDLE_IDENTIFIER = "com.andrii-kryvytskyi.Notes-appTests";
				PRODUCT_NAME = "$(TARGET_NAME)";
				SWIFT_VERSION = 5.0;
				TARGETED_DEVICE_FAMILY = "1,2";
				TEST_HOST = "$(BUILT_PRODUCTS_DIR)/Notes app.app/Notes app";
			};
			name = Debug;
		};
		9F6C6E8E236DC136006E7A52 /* Release */ = {
			isa = XCBuildConfiguration;
			buildSettings = {
				ALWAYS_EMBED_SWIFT_STANDARD_LIBRARIES = YES;
				BUNDLE_LOADER = "$(TEST_HOST)";
				CODE_SIGN_STYLE = Automatic;
				INFOPLIST_FILE = "Notes appTests/Info.plist";
				IPHONEOS_DEPLOYMENT_TARGET = 13.1;
				LD_RUNPATH_SEARCH_PATHS = (
					"$(inherited)",
					"@executable_path/Frameworks",
					"@loader_path/Frameworks",
				);
				PRODUCT_BUNDLE_IDENTIFIER = "com.andrii-kryvytskyi.Notes-appTests";
				PRODUCT_NAME = "$(TARGET_NAME)";
				SWIFT_VERSION = 5.0;
				TARGETED_DEVICE_FAMILY = "1,2";
				TEST_HOST = "$(BUILT_PRODUCTS_DIR)/Notes app.app/Notes app";
			};
			name = Release;
		};
/* End XCBuildConfiguration section */

/* Begin XCConfigurationList section */
		9F6C6E63236DC135006E7A52 /* Build configuration list for PBXProject "Notes app" */ = {
			isa = XCConfigurationList;
			buildConfigurations = (
				9F6C6E87236DC136006E7A52 /* Debug */,
				9F6C6E88236DC136006E7A52 /* Release */,
			);
			defaultConfigurationIsVisible = 0;
			defaultConfigurationName = Release;
		};
		9F6C6E89236DC136006E7A52 /* Build configuration list for PBXNativeTarget "Notes app" */ = {
			isa = XCConfigurationList;
			buildConfigurations = (
				9F6C6E8A236DC136006E7A52 /* Debug */,
				9F6C6E8B236DC136006E7A52 /* Release */,
			);
			defaultConfigurationIsVisible = 0;
			defaultConfigurationName = Release;
		};
		9F6C6E8C236DC136006E7A52 /* Build configuration list for PBXNativeTarget "Notes appTests" */ = {
			isa = XCConfigurationList;
			buildConfigurations = (
				9F6C6E8D236DC136006E7A52 /* Debug */,
				9F6C6E8E236DC136006E7A52 /* Release */,
			);
			defaultConfigurationIsVisible = 0;
			defaultConfigurationName = Release;
		};
/* End XCConfigurationList section */

/* Begin XCVersionGroup section */
		9F6C6E93236DC4EB006E7A52 /* NotesDataModel.xcdatamodeld */ = {
			isa = XCVersionGroup;
			children = (
				9F6C6E94236DC4EB006E7A52 /* NotesDataModel.xcdatamodel */,
			);
			currentVersion = 9F6C6E94236DC4EB006E7A52 /* NotesDataModel.xcdatamodel */;
			path = NotesDataModel.xcdatamodeld;
			sourceTree = "<group>";
			versionGroupType = wrapper.xcdatamodel;
		};
/* End XCVersionGroup section */
	};
	rootObject = 9F6C6E60236DC135006E7A52 /* Project object */;
}
